
Microsoft Visual Studio Solution File, Format Version 12.00
# Visual Studio Version 17
VisualStudioVersion = 17.2.32414.248
MinimumVisualStudioVersion = 10.0.40219.1
Project("{9092AA53-FB77-4645-B42D-1CCCA6BD08BD}") = "app.js", "app.js.njsproj", "{75D8667B-6EAF-4FDA-B520-4FFD54336F34}"
EndProject
Global
	GlobalSection(SolutionConfigurationPlatforms) = preSolution
		Debug|Any CPU = Debug|Any CPU
		Release|Any CPU = Release|Any CPU
	EndGlobalSection
	GlobalSection(ProjectConfigurationPlatforms) = postSolution
		{75D8667B-6EAF-4FDA-B520-4FFD54336F34}.Debug|Any CPU.ActiveCfg = Debug|Any CPU
		{75D8667B-6EAF-4FDA-B520-4FFD54336F34}.Debug|Any CPU.Build.0 = Debug|Any CPU
		{75D8667B-6EAF-4FDA-B520-4FFD54336F34}.Release|Any CPU.ActiveCfg = Release|Any CPU
		{75D8667B-6EAF-4FDA-B520-4FFD54336F34}.Release|Any CPU.Build.0 = Release|Any CPU
	EndGlobalSection
	GlobalSection(SolutionProperties) = preSolution
		HideSolutionNode = FALSE
	EndGlobalSection
	GlobalSection(ExtensibilityGlobals) = postSolution
		SolutionGuid = {8BE4E173-194E-4C04-B518-4B71ECB072CA}
	EndGlobalSection
EndGlobal
