
Microsoft Visual Studio Solution File, Format Version 12.00
# Visual Studio Version 17
VisualStudioVersion = 17.2.32422.2
MinimumVisualStudioVersion = 10.0.40219.1
Project("{9092AA53-FB77-4645-B42D-1CCCA6BD08BD}") = "CAN usb.js", "CAN usb.js.njsproj", "{BDF2B4FA-A8EC-4EE1-948B-2946D8245085}"
EndProject
Global
	GlobalSection(SolutionConfigurationPlatforms) = preSolution
		Debug|Any CPU = Debug|Any CPU
		Release|Any CPU = Release|Any CPU
	EndGlobalSection
	GlobalSection(ProjectConfigurationPlatforms) = postSolution
		{BDF2B4FA-A8EC-4EE1-948B-2946D8245085}.Debug|Any CPU.ActiveCfg = Debug|Any CPU
		{BDF2B4FA-A8EC-4EE1-948B-2946D8245085}.Debug|Any CPU.Build.0 = Debug|Any CPU
		{BDF2B4FA-A8EC-4EE1-948B-2946D8245085}.Release|Any CPU.ActiveCfg = Release|Any CPU
		{BDF2B4FA-A8EC-4EE1-948B-2946D8245085}.Release|Any CPU.Build.0 = Release|Any CPU
	EndGlobalSection
	GlobalSection(SolutionProperties) = preSolution
		HideSolutionNode = FALSE
	EndGlobalSection
	GlobalSection(ExtensibilityGlobals) = postSolution
		SolutionGuid = {C06983BC-EF76-4796-9E7E-10E23441A1FA}
	EndGlobalSection
EndGlobal
