
Microsoft Visual Studio Solution File, Format Version 12.00
# Visual Studio Version 17
VisualStudioVersion = 17.2.32414.248
MinimumVisualStudioVersion = 10.0.40219.1
Project("{9092AA53-FB77-4645-B42D-1CCCA6BD08BD}") = "db.js", "db.js.njsproj", "{0B6A96D4-A2E7-4CEA-9FF6-CBD33E65E53B}"
EndProject
Global
	GlobalSection(SolutionConfigurationPlatforms) = preSolution
		Debug|Any CPU = Debug|Any CPU
		Release|Any CPU = Release|Any CPU
	EndGlobalSection
	GlobalSection(ProjectConfigurationPlatforms) = postSolution
		{0B6A96D4-A2E7-4CEA-9FF6-CBD33E65E53B}.Debug|Any CPU.ActiveCfg = Debug|Any CPU
		{0B6A96D4-A2E7-4CEA-9FF6-CBD33E65E53B}.Debug|Any CPU.Build.0 = Debug|Any CPU
		{0B6A96D4-A2E7-4CEA-9FF6-CBD33E65E53B}.Release|Any CPU.ActiveCfg = Release|Any CPU
		{0B6A96D4-A2E7-4CEA-9FF6-CBD33E65E53B}.Release|Any CPU.Build.0 = Release|Any CPU
	EndGlobalSection
	GlobalSection(SolutionProperties) = preSolution
		HideSolutionNode = FALSE
	EndGlobalSection
	GlobalSection(ExtensibilityGlobals) = postSolution
		SolutionGuid = {5981C83B-ED57-45F8-9945-0B2BFD5F4F38}
	EndGlobalSection
EndGlobal
