
Microsoft Visual Studio Solution File, Format Version 12.00
# Visual Studio Version 17
VisualStudioVersion = 17.2.32414.248
MinimumVisualStudioVersion = 10.0.40219.1
Project("{9092AA53-FB77-4645-B42D-1CCCA6BD08BD}") = "gatsby-config.js", "gatsby-config.js.njsproj", "{21CE339C-1542-4FC7-8568-F34D6576B0D7}"
EndProject
Global
	GlobalSection(SolutionConfigurationPlatforms) = preSolution
		Debug|Any CPU = Debug|Any CPU
		Release|Any CPU = Release|Any CPU
	EndGlobalSection
	GlobalSection(ProjectConfigurationPlatforms) = postSolution
		{21CE339C-1542-4FC7-8568-F34D6576B0D7}.Debug|Any CPU.ActiveCfg = Debug|Any CPU
		{21CE339C-1542-4FC7-8568-F34D6576B0D7}.Debug|Any CPU.Build.0 = Debug|Any CPU
		{21CE339C-1542-4FC7-8568-F34D6576B0D7}.Release|Any CPU.ActiveCfg = Release|Any CPU
		{21CE339C-1542-4FC7-8568-F34D6576B0D7}.Release|Any CPU.Build.0 = Release|Any CPU
	EndGlobalSection
	GlobalSection(SolutionProperties) = preSolution
		HideSolutionNode = FALSE
	EndGlobalSection
	GlobalSection(ExtensibilityGlobals) = postSolution
		SolutionGuid = {89476274-9C0D-4452-806C-E65DC5455C1F}
	EndGlobalSection
EndGlobal
