
Microsoft Visual Studio Solution File, Format Version 12.00
# Visual Studio Version 17
VisualStudioVersion = 17.2.32422.2
MinimumVisualStudioVersion = 10.0.40219.1
Project("{9092AA53-FB77-4645-B42D-1CCCA6BD08BD}") = "html.js", "html.js.njsproj", "{2E46AC45-ABC9-4C13-B0FD-FF920E4CAA4B}"
EndProject
Global
	GlobalSection(SolutionConfigurationPlatforms) = preSolution
		Debug|Any CPU = Debug|Any CPU
		Release|Any CPU = Release|Any CPU
	EndGlobalSection
	GlobalSection(ProjectConfigurationPlatforms) = postSolution
		{2E46AC45-ABC9-4C13-B0FD-FF920E4CAA4B}.Debug|Any CPU.ActiveCfg = Debug|Any CPU
		{2E46AC45-ABC9-4C13-B0FD-FF920E4CAA4B}.Debug|Any CPU.Build.0 = Debug|Any CPU
		{2E46AC45-ABC9-4C13-B0FD-FF920E4CAA4B}.Release|Any CPU.ActiveCfg = Release|Any CPU
		{2E46AC45-ABC9-4C13-B0FD-FF920E4CAA4B}.Release|Any CPU.Build.0 = Release|Any CPU
	EndGlobalSection
	GlobalSection(SolutionProperties) = preSolution
		HideSolutionNode = FALSE
	EndGlobalSection
	GlobalSection(ExtensibilityGlobals) = postSolution
		SolutionGuid = {DBC88F93-EE4A-4112-99E0-F9485C3AC2CC}
	EndGlobalSection
EndGlobal
