
Microsoft Visual Studio Solution File, Format Version 12.00
# Visual Studio Version 17
VisualStudioVersion = 17.2.32422.2
MinimumVisualStudioVersion = 10.0.40219.1
Project("{9092AA53-FB77-4645-B42D-1CCCA6BD08BD}") = "jsconfig.json", "jsconfig.json.njsproj", "{C0A2C0DA-E98C-4DE0-B911-83DAE1248638}"
EndProject
Global
	GlobalSection(SolutionConfigurationPlatforms) = preSolution
		Debug|Any CPU = Debug|Any CPU
		Release|Any CPU = Release|Any CPU
	EndGlobalSection
	GlobalSection(ProjectConfigurationPlatforms) = postSolution
		{C0A2C0DA-E98C-4DE0-B911-83DAE1248638}.Debug|Any CPU.ActiveCfg = Debug|Any CPU
		{C0A2C0DA-E98C-4DE0-B911-83DAE1248638}.Debug|Any CPU.Build.0 = Debug|Any CPU
		{C0A2C0DA-E98C-4DE0-B911-83DAE1248638}.Release|Any CPU.ActiveCfg = Release|Any CPU
		{C0A2C0DA-E98C-4DE0-B911-83DAE1248638}.Release|Any CPU.Build.0 = Release|Any CPU
	EndGlobalSection
	GlobalSection(SolutionProperties) = preSolution
		HideSolutionNode = FALSE
	EndGlobalSection
	GlobalSection(ExtensibilityGlobals) = postSolution
		SolutionGuid = {0A22C57F-44F2-4B42-8A15-0A509DFF1128}
	EndGlobalSection
EndGlobal
