
Microsoft Visual Studio Solution File, Format Version 12.00
# Visual Studio Version 17
VisualStudioVersion = 17.2.32414.248
MinimumVisualStudioVersion = 10.0.40219.1
Project("{9092AA53-FB77-4645-B42D-1CCCA6BD08BD}") = "NodejsConsoleApp1", "NodejsConsoleApp1.njsproj", "{CCF59B30-4B31-44C8-8862-DB073E3A65D0}"
EndProject
Global
	GlobalSection(SolutionConfigurationPlatforms) = preSolution
		Debug|Any CPU = Debug|Any CPU
		Release|Any CPU = Release|Any CPU
	EndGlobalSection
	GlobalSection(ProjectConfigurationPlatforms) = postSolution
		{CCF59B30-4B31-44C8-8862-DB073E3A65D0}.Debug|Any CPU.ActiveCfg = Debug|Any CPU
		{CCF59B30-4B31-44C8-8862-DB073E3A65D0}.Debug|Any CPU.Build.0 = Debug|Any CPU
		{CCF59B30-4B31-44C8-8862-DB073E3A65D0}.Release|Any CPU.ActiveCfg = Release|Any CPU
		{CCF59B30-4B31-44C8-8862-DB073E3A65D0}.Release|Any CPU.Build.0 = Release|Any CPU
	EndGlobalSection
	GlobalSection(SolutionProperties) = preSolution
		HideSolutionNode = FALSE
	EndGlobalSection
	GlobalSection(ExtensibilityGlobals) = postSolution
		SolutionGuid = {CC586EE2-99EA-4A5E-8FED-678F01A7D852}
	EndGlobalSection
EndGlobal
