
Microsoft Visual Studio Solution File, Format Version 12.00
# Visual Studio Version 17
VisualStudioVersion = 17.2.32422.2
MinimumVisualStudioVersion = 10.0.40219.1
Project("{9092AA53-FB77-4645-B42D-1CCCA6BD08BD}") = "package-lock.json", "package-lock.json.njsproj", "{8B4846C2-C74C-40E8-BB49-527FBDD9B157}"
EndProject
Global
	GlobalSection(SolutionConfigurationPlatforms) = preSolution
		Debug|Any CPU = Debug|Any CPU
		Release|Any CPU = Release|Any CPU
	EndGlobalSection
	GlobalSection(ProjectConfigurationPlatforms) = postSolution
		{8B4846C2-C74C-40E8-BB49-527FBDD9B157}.Debug|Any CPU.ActiveCfg = Debug|Any CPU
		{8B4846C2-C74C-40E8-BB49-527FBDD9B157}.Debug|Any CPU.Build.0 = Debug|Any CPU
		{8B4846C2-C74C-40E8-BB49-527FBDD9B157}.Release|Any CPU.ActiveCfg = Release|Any CPU
		{8B4846C2-C74C-40E8-BB49-527FBDD9B157}.Release|Any CPU.Build.0 = Release|Any CPU
	EndGlobalSection
	GlobalSection(SolutionProperties) = preSolution
		HideSolutionNode = FALSE
	EndGlobalSection
	GlobalSection(ExtensibilityGlobals) = postSolution
		SolutionGuid = {7ABDE3C7-9F3B-4AFB-94C9-EEE3478854C2}
	EndGlobalSection
EndGlobal
