
Microsoft Visual Studio Solution File, Format Version 12.00
# Visual Studio Version 17
VisualStudioVersion = 17.2.32422.2
MinimumVisualStudioVersion = 10.0.40219.1
Project("{9092AA53-FB77-4645-B42D-1CCCA6BD08BD}") = "Postgres.js", "Postgres.js.njsproj", "{12861FFB-97EB-4536-84A4-2BEC3607ED14}"
EndProject
Global
	GlobalSection(SolutionConfigurationPlatforms) = preSolution
		Debug|Any CPU = Debug|Any CPU
		Release|Any CPU = Release|Any CPU
	EndGlobalSection
	GlobalSection(ProjectConfigurationPlatforms) = postSolution
		{12861FFB-97EB-4536-84A4-2BEC3607ED14}.Debug|Any CPU.ActiveCfg = Debug|Any CPU
		{12861FFB-97EB-4536-84A4-2BEC3607ED14}.Debug|Any CPU.Build.0 = Debug|Any CPU
		{12861FFB-97EB-4536-84A4-2BEC3607ED14}.Release|Any CPU.ActiveCfg = Release|Any CPU
		{12861FFB-97EB-4536-84A4-2BEC3607ED14}.Release|Any CPU.Build.0 = Release|Any CPU
	EndGlobalSection
	GlobalSection(SolutionProperties) = preSolution
		HideSolutionNode = FALSE
	EndGlobalSection
	GlobalSection(ExtensibilityGlobals) = postSolution
		SolutionGuid = {B17D9404-7967-4563-8EE4-901DA800DEB9}
	EndGlobalSection
EndGlobal
