
Microsoft Visual Studio Solution File, Format Version 12.00
# Visual Studio Version 17
VisualStudioVersion = 17.2.32414.248
MinimumVisualStudioVersion = 10.0.40219.1
Project("{9092AA53-FB77-4645-B42D-1CCCA6BD08BD}") = "resolvers.js", "resolvers.js.njsproj", "{2D274A07-2D21-48E5-B875-57B1E8F70EA7}"
EndProject
Global
	GlobalSection(SolutionConfigurationPlatforms) = preSolution
		Debug|Any CPU = Debug|Any CPU
		Release|Any CPU = Release|Any CPU
	EndGlobalSection
	GlobalSection(ProjectConfigurationPlatforms) = postSolution
		{2D274A07-2D21-48E5-B875-57B1E8F70EA7}.Debug|Any CPU.ActiveCfg = Debug|Any CPU
		{2D274A07-2D21-48E5-B875-57B1E8F70EA7}.Debug|Any CPU.Build.0 = Debug|Any CPU
		{2D274A07-2D21-48E5-B875-57B1E8F70EA7}.Release|Any CPU.ActiveCfg = Release|Any CPU
		{2D274A07-2D21-48E5-B875-57B1E8F70EA7}.Release|Any CPU.Build.0 = Release|Any CPU
	EndGlobalSection
	GlobalSection(SolutionProperties) = preSolution
		HideSolutionNode = FALSE
	EndGlobalSection
	GlobalSection(ExtensibilityGlobals) = postSolution
		SolutionGuid = {29C53563-970F-49FD-8D04-6227D503B84D}
	EndGlobalSection
EndGlobal
